
Microsoft Visual Studio Solution File, Format Version 12.00
# Visual Studio Version 17
VisualStudioVersion = 17.0.32126.317
MinimumVisualStudioVersion = 10.0.40219.1
Project("{FAE04EC0-301F-11D3-BF4B-00C04F79EFBC}") = "05042022", "05042022\05042022.csproj", "{45B7C319-A076-4A91-B105-FC1E52EB8555}"
EndProject
Global
	GlobalSection(SolutionConfigurationPlatforms) = preSolution
		Debug|Any CPU = Debug|Any CPU
		Release|Any CPU = Release|Any CPU
	EndGlobalSection
	GlobalSection(ProjectConfigurationPlatforms) = postSolution
		{45B7C319-A076-4A91-B105-FC1E52EB8555}.Debug|Any CPU.ActiveCfg = Debug|Any CPU
		{45B7C319-A076-4A91-B105-FC1E52EB8555}.Debug|Any CPU.Build.0 = Debug|Any CPU
		{45B7C319-A076-4A91-B105-FC1E52EB8555}.Release|Any CPU.ActiveCfg = Release|Any CPU
		{45B7C319-A076-4A91-B105-FC1E52EB8555}.Release|Any CPU.Build.0 = Release|Any CPU
	EndGlobalSection
	GlobalSection(SolutionProperties) = preSolution
		HideSolutionNode = FALSE
	EndGlobalSection
	GlobalSection(ExtensibilityGlobals) = postSolution
		SolutionGuid = {E1D133F2-C7B3-42F2-BB31-7E1FF91CCA7E}
	EndGlobalSection
EndGlobal
