
Microsoft Visual Studio Solution File, Format Version 12.00
# Visual Studio Version 17
VisualStudioVersion = 17.0.32126.317
MinimumVisualStudioVersion = 10.0.40219.1
Project("{FAE04EC0-301F-11D3-BF4B-00C04F79EFBC}") = "3aprelTask", "3aprelTask\3aprelTask.csproj", "{50F29A28-84B0-4AD4-876B-AA624B03CEB3}"
EndProject
Global
	GlobalSection(SolutionConfigurationPlatforms) = preSolution
		Debug|Any CPU = Debug|Any CPU
		Release|Any CPU = Release|Any CPU
	EndGlobalSection
	GlobalSection(ProjectConfigurationPlatforms) = postSolution
		{50F29A28-84B0-4AD4-876B-AA624B03CEB3}.Debug|Any CPU.ActiveCfg = Debug|Any CPU
		{50F29A28-84B0-4AD4-876B-AA624B03CEB3}.Debug|Any CPU.Build.0 = Debug|Any CPU
		{50F29A28-84B0-4AD4-876B-AA624B03CEB3}.Release|Any CPU.ActiveCfg = Release|Any CPU
		{50F29A28-84B0-4AD4-876B-AA624B03CEB3}.Release|Any CPU.Build.0 = Release|Any CPU
	EndGlobalSection
	GlobalSection(SolutionProperties) = preSolution
		HideSolutionNode = FALSE
	EndGlobalSection
	GlobalSection(ExtensibilityGlobals) = postSolution
		SolutionGuid = {810D4E4B-AD31-435C-84C8-62274AFDC8F3}
	EndGlobalSection
EndGlobal
